
Microsoft Visual Studio Solution File, Format Version 12.00
# Visual Studio Version 17
VisualStudioVersion = 17.4.33213.308
MinimumVisualStudioVersion = 10.0.40219.1
Project("{FAE04EC0-301F-11D3-BF4B-00C04F79EFBC}") = "TestProjWithUnitTests", "TestProjWithUnitTests\TestProjWithUnitTests.csproj", "{0D418269-C10F-4CBD-A384-EFE7E5B24306}"
EndProject
Project("{FAE04EC0-301F-11D3-BF4B-00C04F79EFBC}") = "TestProjWithUnitTests.Tests", "TestProjWithUnitTests.Tests\TestProjWithUnitTests.Tests.csproj", "{2BAAD1A3-18C8-4E89-AA01-85D5ED5172EB}"
EndProject
Global
	GlobalSection(SolutionConfigurationPlatforms) = preSolution
		Debug|Any CPU = Debug|Any CPU
		Release|Any CPU = Release|Any CPU
	EndGlobalSection
	GlobalSection(ProjectConfigurationPlatforms) = postSolution
		{0D418269-C10F-4CBD-A384-EFE7E5B24306}.Debug|Any CPU.ActiveCfg = Debug|Any CPU
		{0D418269-C10F-4CBD-A384-EFE7E5B24306}.Debug|Any CPU.Build.0 = Debug|Any CPU
		{0D418269-C10F-4CBD-A384-EFE7E5B24306}.Release|Any CPU.ActiveCfg = Release|Any CPU
		{0D418269-C10F-4CBD-A384-EFE7E5B24306}.Release|Any CPU.Build.0 = Release|Any CPU
		{2BAAD1A3-18C8-4E89-AA01-85D5ED5172EB}.Debug|Any CPU.ActiveCfg = Debug|Any CPU
		{2BAAD1A3-18C8-4E89-AA01-85D5ED5172EB}.Debug|Any CPU.Build.0 = Debug|Any CPU
		{2BAAD1A3-18C8-4E89-AA01-85D5ED5172EB}.Release|Any CPU.ActiveCfg = Release|Any CPU
		{2BAAD1A3-18C8-4E89-AA01-85D5ED5172EB}.Release|Any CPU.Build.0 = Release|Any CPU
	EndGlobalSection
	GlobalSection(SolutionProperties) = preSolution
		HideSolutionNode = FALSE
	EndGlobalSection
	GlobalSection(ExtensibilityGlobals) = postSolution
		SolutionGuid = {AECF85AB-F7E2-46C1-A8C7-EE390CA34628}
	EndGlobalSection
EndGlobal
